
Microsoft Visual Studio Solution File, Format Version 12.00
# Visual Studio Version 17
VisualStudioVersion = 17.0.32014.148
MinimumVisualStudioVersion = 10.0.40219.1
Project("{FAE04EC0-301F-11D3-BF4B-00C04F79EFBC}") = "FoldersAndFiles", "FoldersAndFiles\FoldersAndFiles.csproj", "{34D842E6-DAF3-4E73-8AED-541C5FA354EC}"
EndProject
Global
	GlobalSection(SolutionConfigurationPlatforms) = preSolution
		Debug|Any CPU = Debug|Any CPU
		Release|Any CPU = Release|Any CPU
	EndGlobalSection
	GlobalSection(ProjectConfigurationPlatforms) = postSolution
		{34D842E6-DAF3-4E73-8AED-541C5FA354EC}.Debug|Any CPU.ActiveCfg = Debug|Any CPU
		{34D842E6-DAF3-4E73-8AED-541C5FA354EC}.Debug|Any CPU.Build.0 = Debug|Any CPU
		{34D842E6-DAF3-4E73-8AED-541C5FA354EC}.Release|Any CPU.ActiveCfg = Release|Any CPU
		{34D842E6-DAF3-4E73-8AED-541C5FA354EC}.Release|Any CPU.Build.0 = Release|Any CPU
	EndGlobalSection
	GlobalSection(SolutionProperties) = preSolution
		HideSolutionNode = FALSE
	EndGlobalSection
	GlobalSection(ExtensibilityGlobals) = postSolution
		SolutionGuid = {ADEB746B-174B-4485-BE35-C0607959069D}
	EndGlobalSection
EndGlobal
